<?xml version="1.0" encoding="utf-8"?>
<Project ToolsVersion="4.0" xmlns="http://schemas.microsoft.com/developer/msbuild/2003">
  <ItemGroup>
    <Filter Include="Source Files">
      <UniqueIdentifier>{4FC737F1-C7A5-4376-A066-2A32D752A2FF}</UniqueIdentifier>
      <Extensions>cpp;c;cc;cxx;def;odl;idl;hpj;bat;asm;asmx</Extensions>
    </Filter>
    <Filter Include="Header Files">
      <UniqueIdentifier>{93995380-89BD-4b04-88EB-625FBE52EBFB}</UniqueIdentifier>
      <Extensions>h;hh;hpp;hxx;hm;inl;inc;xsd</Extensions>
    </Filter>
  </ItemGroup>
  <ItemGroup>
    <Text Include="ReadMe.txt" />
  </ItemGroup>
  <ItemGroup>
    <ClCompile Include="..\..\vendor\libnice\stun\debug.c">
      <Filter>Source Files</Filter>
    </ClCompile>
    <ClCompile Include="..\..\vendor\libnice\stun\md5.c">
      <Filter>Source Files</Filter>
    </ClCompile>
    <ClCompile Include="..\..\vendor\libnice\stun\rand.c">
      <Filter>Source Files</Filter>
    </ClCompile>
    <ClCompile Include="..\..\vendor\libnice\stun\sha1.c">
      <Filter>Source Files</Filter>
    </ClCompile>
    <ClCompile Include="..\..\vendor\libnice\stun\stun5389.c">
      <Filter>Source Files</Filter>
    </ClCompile>
    <ClCompile Include="..\..\vendor\libnice\stun\stunagent.c">
      <Filter>Source Files</Filter>
    </ClCompile>
    <ClCompile Include="..\..\vendor\libnice\stun\stuncrc32.c">
      <Filter>Source Files</Filter>
    </ClCompile>
    <ClCompile Include="..\..\vendor\libnice\stun\stunhmac.c">
      <Filter>Source Files</Filter>
    </ClCompile>
    <ClCompile Include="..\..\vendor\libnice\stun\stunmessage.c">
      <Filter>Source Files</Filter>
    </ClCompile>
    <ClCompile Include="..\..\vendor\libnice\stun\utils.c">
      <Filter>Source Files</Filter>
    </ClCompile>
  </ItemGroup>
  <ItemGroup>
    <ClInclude Include="..\..\vendor\libnice\stun\constants.h">
      <Filter>Header Files</Filter>
    </ClInclude>
    <ClInclude Include="..\..\vendor\libnice\stun\debug.h">
      <Filter>Header Files</Filter>
    </ClInclude>
    <ClInclude Include="..\..\vendor\libnice\stun\md5.h">
      <Filter>Header Files</Filter>
    </ClInclude>
    <ClInclude Include="..\..\vendor\libnice\stun\rand.h">
      <Filter>Header Files</Filter>
    </ClInclude>
    <ClInclude Include="..\..\vendor\libnice\stun\sha1.h">
      <Filter>Header Files</Filter>
    </ClInclude>
    <ClInclude Include="..\..\vendor\libnice\stun\stun5389.h">
      <Filter>Header Files</Filter>
    </ClInclude>
    <ClInclude Include="..\..\vendor\libnice\stun\stunagent.h">
      <Filter>Header Files</Filter>
    </ClInclude>
    <ClInclude Include="..\..\vendor\libnice\stun\stuncrc32.h">
      <Filter>Header Files</Filter>
    </ClInclude>
    <ClInclude Include="..\..\vendor\libnice\stun\stunhmac.h">
      <Filter>Header Files</Filter>
    </ClInclude>
    <ClInclude Include="..\..\vendor\libnice\stun\stunmessage.h">
      <Filter>Header Files</Filter>
    </ClInclude>
    <ClInclude Include="..\..\vendor\libnice\stun\utils.h">
      <Filter>Header Files</Filter>
    </ClInclude>
    <ClInclude Include="..\..\vendor\libnice\stun\win32_common.h">
      <Filter>Header Files</Filter>
    </ClInclude>
  </ItemGroup>
</Project>